
Microsoft Visual Studio Solution File, Format Version 12.00
# Visual Studio Version 16
VisualStudioVersion = 16.0.31220.234
MinimumVisualStudioVersion = 10.0.40219.1
Project("{9A19103F-16F7-4668-BE54-9A1E7A4F7556}") = "ApplicationDev", "ApplicationDev\ApplicationDev.csproj", "{BB41258B-2B36-485F-8177-2BE6F952AD07}"
EndProject
Project("{FAE04EC0-301F-11D3-BF4B-00C04F79EFBC}") = "DEV_Form", "DEV_Form\DEV_Form.csproj", "{D906711D-84BD-4F35-A613-F75CF020BDA4}"
EndProject
Global
	GlobalSection(SolutionConfigurationPlatforms) = preSolution
		Debug|Any CPU = Debug|Any CPU
		Release|Any CPU = Release|Any CPU
	EndGlobalSection
	GlobalSection(ProjectConfigurationPlatforms) = postSolution
		{BB41258B-2B36-485F-8177-2BE6F952AD07}.Debug|Any CPU.ActiveCfg = Debug|Any CPU
		{BB41258B-2B36-485F-8177-2BE6F952AD07}.Debug|Any CPU.Build.0 = Debug|Any CPU
		{BB41258B-2B36-485F-8177-2BE6F952AD07}.Release|Any CPU.ActiveCfg = Release|Any CPU
		{BB41258B-2B36-485F-8177-2BE6F952AD07}.Release|Any CPU.Build.0 = Release|Any CPU
		{D906711D-84BD-4F35-A613-F75CF020BDA4}.Debug|Any CPU.ActiveCfg = Debug|Any CPU
		{D906711D-84BD-4F35-A613-F75CF020BDA4}.Debug|Any CPU.Build.0 = Debug|Any CPU
		{D906711D-84BD-4F35-A613-F75CF020BDA4}.Release|Any CPU.ActiveCfg = Release|Any CPU
		{D906711D-84BD-4F35-A613-F75CF020BDA4}.Release|Any CPU.Build.0 = Release|Any CPU
	EndGlobalSection
	GlobalSection(SolutionProperties) = preSolution
		HideSolutionNode = FALSE
	EndGlobalSection
	GlobalSection(ExtensibilityGlobals) = postSolution
		SolutionGuid = {275AD46B-1ACB-47F9-A5D6-178618F6EA87}
	EndGlobalSection
EndGlobal
